
Microsoft Visual Studio Solution File, Format Version 12.00
# Visual Studio 15
VisualStudioVersion = 15.0.28307.1433
MinimumVisualStudioVersion = 10.0.40219.1
Project("{FAE04EC0-301F-11D3-BF4B-00C04F79EFBC}") = "PatientRegisterFrom", "PatientRegisterFrom\PatientRegisterFrom.csproj", "{3E6B8FD2-5ED1-44E4-AE13-F02A5DCB2C60}"
EndProject
Global
	GlobalSection(SolutionConfigurationPlatforms) = preSolution
		Debug|Any CPU = Debug|Any CPU
		Release|Any CPU = Release|Any CPU
	EndGlobalSection
	GlobalSection(ProjectConfigurationPlatforms) = postSolution
		{3E6B8FD2-5ED1-44E4-AE13-F02A5DCB2C60}.Debug|Any CPU.ActiveCfg = Debug|Any CPU
		{3E6B8FD2-5ED1-44E4-AE13-F02A5DCB2C60}.Debug|Any CPU.Build.0 = Debug|Any CPU
		{3E6B8FD2-5ED1-44E4-AE13-F02A5DCB2C60}.Release|Any CPU.ActiveCfg = Release|Any CPU
		{3E6B8FD2-5ED1-44E4-AE13-F02A5DCB2C60}.Release|Any CPU.Build.0 = Release|Any CPU
	EndGlobalSection
	GlobalSection(SolutionProperties) = preSolution
		HideSolutionNode = FALSE
	EndGlobalSection
	GlobalSection(ExtensibilityGlobals) = postSolution
		SolutionGuid = {670898D4-5C2F-4819-994D-A82BF3A10668}
	EndGlobalSection
EndGlobal
